// !$*UTF8*$!
{
	archiveVersion = 1;
	classes = {
	};
	objectVersion = 46;
	objects = {

/* Begin PBXBuildFile section */
		3611C3481E65DB350055ADF0 /* AppDelegate.swift in Sources */ = {isa = PBXBuildFile; fileRef = 3611C3471E65DB350055ADF0 /* AppDelegate.swift */; };
		3611C34A1E65DB350055ADF0 /* ViewController.swift in Sources */ = {isa = PBXBuildFile; fileRef = 3611C3491E65DB350055ADF0 /* ViewController.swift */; };
		3611C34D1E65DB350055ADF0 /* Main.storyboard in Resources */ = {isa = PBXBuildFile; fileRef = 3611C34B1E65DB350055ADF0 /* Main.storyboard */; };
		3611C34F1E65DB350055ADF0 /* Assets.xcassets in Resources */ = {isa = PBXBuildFile; fileRef = 3611C34E1E65DB350055ADF0 /* Assets.xcassets */; };
		3611C3521E65DB350055ADF0 /* LaunchScreen.storyboard in Resources */ = {isa = PBXBuildFile; fileRef = 3611C3501E65DB350055ADF0 /* LaunchScreen.storyboard */; };
/* End PBXBuildFile section */

/* Begin PBXFileReference section */
		3611C3441E65DB350055ADF0 /* SWD.app */ = {isa = PBXFileReference; explicitFileType = wrapper.application; includeInIndex = 0; path = SWD.app; sourceTree = BUILT_PRODUCTS_DIR; };
		3611C3471E65DB350055ADF0 /* AppDelegate.swift */ = {isa = PBXFileReference; lastKnownFileType = sourcecode.swift; path = AppDelegate.swift; sourceTree = "<group>"; };
		3611C3491E65DB350055ADF0 /* ViewController.swift */ = {isa = PBXFileReference; lastKnownFileType = sourcecode.swift; path = ViewController.swift; sourceTree = "<group>"; };
		3611C34C1E65DB350055ADF0 /* Base */ = {isa = PBXFileReference; lastKnownFileType = file.storyboard; name = Base; path = Base.lproj/Main.storyboard; sourceTree = "<group>"; };
		3611C34E1E65DB350055ADF0 /* Assets.xcassets */ = {isa = PBXFileReference; lastKnownFileType = folder.assetcatalog; path = Assets.xcassets; sourceTree = "<group>"; };
		3611C3511E65DB350055ADF0 /* Base */ = {isa = PBXFileReference; lastKnownFileType = file.storyboard; name = Base; path = Base.lproj/LaunchScreen.storyboard; sourceTree = "<group>"; };
		3611C3531E65DB350055ADF0 /* Info.plist */ = {isa = PBXFileReference; lastKnownFileType = text.plist.xml; path = Info.plist; sourceTree = "<group>"; };
/* End PBXFileReference section */

/* Begin PBXFrameworksBuildPhase section */
		3611C3411E65DB350055ADF0 /* Frameworks */ = {
			isa = PBXFrameworksBuildPhase;
			buildActionMask = 2147483647;
			files = (
			);
			runOnlyForDeploymentPostprocessing = 0;
		};
/* End PBXFrameworksBuildPhase section */

/* Begin PBXGroup section */
		3611C33B1E65DB350055ADF0 = {
			isa = PBXGroup;
			children = (
				3611C3461E65DB350055ADF0 /* SWD */,
				3611C3451E65DB350055ADF0 /* Products */,
			);
			sourceTree = "<group>";
		};
		3611C3451E65DB350055ADF0 /* Products */ = {
			isa = PBXGroup;
			children = (
				3611C3441E65DB350055ADF0 /* SWD.app */,
			);
			name = Products;
			sourceTree = "<group>";
		};
		3611C3461E65DB350055ADF0 /* SWD */ = {
			isa = PBXGroup;
			children = (
				3611C3471E65DB350055ADF0 /* AppDelegate.swift */,
				3611C3491E65DB350055ADF0 /* ViewController.swift */,
				3611C34B1E65DB350055ADF0 /* Main.storyboard */,
				3611C34E1E65DB350055ADF0 /* Assets.xcassets */,
				3611C3501E65DB350055ADF0 /* LaunchScreen.storyboard */,
				3611C3531E65DB350055ADF0 /* Info.plist */,
			);
			path = SWD;
			sourceTree = "<group>";
		};
/* End PBXGroup section */

/* Begin PBXNativeTarget section */
		3611C3431E65DB350055ADF0 /* SWD */ = {
			isa = PBXNativeTarget;
			buildConfigurationList = 3611C3561E65DB350055ADF0 /* Build configuration list for PBXNativeTarget "SWD" */;
			buildPhases = (
				3611C3401E65DB350055ADF0 /* Sources */,
				3611C3411E65DB350055ADF0 /* Frameworks */,
				3611C3421E65DB350055ADF0 /* Resources */,
			);
			buildRules = (
			);
			dependencies = (
			);
			name = SWD;
			productName = SWD;
			productReference = 3611C3441E65DB350055ADF0 /* SWD.app */;
			productType = "com.apple.product-type.application";
		};
/* End PBXNativeTarget section */

/* Begin PBXProject section */
		3611C33C1E65DB350055ADF0 /* Project object */ = {
			isa = PBXProject;
			attributes = {
				LastSwiftUpdateCheck = 0820;
				LastUpgradeCheck = 0820;
				ORGANIZATIONNAME = "Anh Tuan";
				TargetAttributes = {
					3611C3431E65DB350055ADF0 = {
						CreatedOnToolsVersion = 8.2.1;
						DevelopmentTeam = 58T94JVAD5;
						ProvisioningStyle = Automatic;
					};
				};
			};
			buildConfigurationList = 3611C33F1E65DB350055ADF0 /* Build configuration list for PBXProject "SWD" */;
			compatibilityVersion = "Xcode 3.2";
			developmentRegion = English;
			hasScannedForEncodings = 0;
			knownRegions = (
				en,
				Base,
			);
			mainGroup = 3611C33B1E65DB350055ADF0;
			productRefGroup = 3611C3451E65DB350055ADF0 /* Products */;
			projectDirPath = "";
			projectRoot = "";
			targets = (
				3611C3431E65DB350055ADF0 /* SWD */,
			);
		};
/* End PBXProject section */

/* Begin PBXResourcesBuildPhase section */
		3611C3421E65DB350055ADF0 /* Resources */ = {
			isa = PBXResourcesBuildPhase;
			buildActionMask = 2147483647;
			files = (
				3611C3521E65DB350055ADF0 /* LaunchScreen.storyboard in Resources */,
				3611C34F1E65DB350055ADF0 /* Assets.xcassets in Resources */,
				3611C34D1E65DB350055ADF0 /* Main.storyboard in Resources */,
			);
			runOnlyForDeploymentPostprocessing = 0;
		};
/* End PBXResourcesBuildPhase section */

/* Begin PBXSourcesBuildPhase section */
		3611C3401E65DB350055ADF0 /* Sources */ = {
			isa = PBXSourcesBuildPhase;
			buildActionMask = 2147483647;
			files = (
				3611C34A1E65DB350055ADF0 /* ViewController.swift in Sources */,
				3611C3481E65DB350055ADF0 /* AppDelegate.swift in Sources */,
			);
			runOnlyForDeploymentPostprocessing = 0;
		};
/* End PBXSourcesBuildPhase section */

/* Begin PBXVariantGroup section */
		3611C34B1E65DB350055ADF0 /* Main.storyboard */ = {
			isa = PBXVariantGroup;
			children = (
				3611C34C1E65DB350055ADF0 /* Base */,
			);
			name = Main.storyboard;
			sourceTree = "<group>";
		};
		3611C3501E65DB350055ADF0 /* LaunchScreen.storyboard */ = {
			isa = PBXVariantGroup;
			children = (
				3611C3511E65DB350055ADF0 /* Base */,
			);
			name = LaunchScreen.storyboard;
			sourceTree = "<group>";
		};
/* End PBXVariantGroup section */

/* Begin XCBuildConfiguration section */
		3611C3541E65DB350055ADF0 /* Debug */ = {
			isa = XCBuildConfiguration;
			buildSettings = {
				ALWAYS_SEARCH_USER_PATHS = NO;
				CLANG_ANALYZER_NONNULL = YES;
				CLANG_CXX_LANGUAGE_STANDARD = "gnu++0x";
				CLANG_CXX_LIBRARY = "libc++";
				CLANG_ENABLE_MODULES = YES;
				CLANG_ENABLE_OBJC_ARC = YES;
				CLANG_WARN_BOOL_CONVERSION = YES;
				CLANG_WARN_CONSTANT_CONVERSION = YES;
				CLANG_WARN_DIRECT_OBJC_ISA_USAGE = YES_ERROR;
				CLANG_WARN_DOCUMENTATION_COMMENTS = YES;
				CLANG_WARN_EMPTY_BODY = YES;
				CLANG_WARN_ENUM_CONVERSION = YES;
				CLANG_WARN_INFINITE_RECURSION = YES;
				CLANG_WARN_INT_CONVERSION = YES;
				CLANG_WARN_OBJC_ROOT_CLASS = YES_ERROR;
				CLANG_WARN_SUSPICIOUS_MOVE = YES;
				CLANG_WARN_UNREACHABLE_CODE = YES;
				CLANG_WARN__DUPLICATE_METHOD_MATCH = YES;
				"CODE_SIGN_IDENTITY[sdk=iphoneos*]" = "iPhone Developer";
				COPY_PHASE_STRIP = NO;
				DEBUG_INFORMATION_FORMAT = dwarf;
				ENABLE_STRICT_OBJC_MSGSEND = YES;
				ENABLE_TESTABILITY = YES;
				GCC_C_LANGUAGE_STANDARD = gnu99;
				GCC_DYNAMIC_NO_PIC = NO;
				GCC_NO_COMMON_BLOCKS = YES;
				GCC_OPTIMIZATION_LEVEL = 0;
				GCC_PREPROCESSOR_DEFINITIONS = (
					"DEBUG=1",
					"$(inherited)",
				);
				GCC_WARN_64_TO_32_BIT_CONVERSION = YES;
				GCC_WARN_ABOUT_RETURN_TYPE = YES_ERROR;
				GCC_WARN_UNDECLARED_SELECTOR = YES;
				GCC_WARN_UNINITIALIZED_AUTOS = YES_AGGRESSIVE;
				GCC_WARN_UNUSED_FUNCTION = YES;
				GCC_WARN_UNUSED_VARIABLE = YES;
				IPHONEOS_DEPLOYMENT_TARGET = 10.2;
				MTL_ENABLE_DEBUG_INFO = YES;
				ONLY_ACTIVE_ARCH = YES;
				SDKROOT = iphoneos;
				SWIFT_ACTIVE_COMPILATION_CONDITIONS = DEBUG;
				SWIFT_OPTIMIZATION_LEVEL = "-Onone";
				TARGETED_DEVICE_FAMILY = "1,2";
			};
			name = Debug;
		};
		3611C3551E65DB350055ADF0 /* Release */ = {
			isa = XCBuildConfiguration;
			buildSettings = {
				ALWAYS_SEARCH_USER_PATHS = NO;
				CLANG_ANALYZER_NONNULL = YES;
				CLANG_CXX_LANGUAGE_STANDARD = "gnu++0x";
				CLANG_CXX_LIBRARY = "libc++";
				CLANG_ENABLE_MODULES = YES;
				CLANG_ENABLE_OBJC_ARC = YES;
				CLANG_WARN_BOOL_CONVERSION = YES;
				CLANG_WARN_CONSTANT_CONVERSION = YES;
				CLANG_WARN_DIRECT_OBJC_ISA_USAGE = YES_ERROR;
				CLANG_WARN_DOCUMENTATION_COMMENTS = YES;
				CLANG_WARN_EMPTY_BODY = YES;
				CLANG_WARN_ENUM_CONVERSION = YES;
				CLANG_WARN_INFINITE_RECURSION = YES;
				CLANG_WARN_INT_CONVERSION = YES;
				CLANG_WARN_OBJC_ROOT_CLASS = YES_ERROR;
				CLANG_WARN_SUSPICIOUS_MOVE = YES;
				CLANG_WARN_UNREACHABLE_CODE = YES;
				CLANG_WARN__DUPLICATE_METHOD_MATCH = YES;
				"CODE_SIGN_IDENTITY[sdk=iphoneos*]" = "iPhone Developer";
				COPY_PHASE_STRIP = NO;
				DEBUG_INFORMATION_FORMAT = "dwarf-with-dsym";
				ENABLE_NS_ASSERTIONS = NO;
				ENABLE_STRICT_OBJC_MSGSEND = YES;
				GCC_C_LANGUAGE_STANDARD = gnu99;
				GCC_NO_COMMON_BLOCKS = YES;
				GCC_WARN_64_TO_32_BIT_CONVERSION = YES;
				GCC_WARN_ABOUT_RETURN_TYPE = YES_ERROR;
				GCC_WARN_UNDECLARED_SELECTOR = YES;
				GCC_WARN_UNINITIALIZED_AUTOS = YES_AGGRESSIVE;
				GCC_WARN_UNUSED_FUNCTION = YES;
				GCC_WARN_UNUSED_VARIABLE = YES;
				IPHONEOS_DEPLOYMENT_TARGET = 10.2;
				MTL_ENABLE_DEBUG_INFO = NO;
				SDKROOT = iphoneos;
				SWIFT_OPTIMIZATION_LEVEL = "-Owholemodule";
				TARGETED_DEVICE_FAMILY = "1,2";
				VALIDATE_PRODUCT = YES;
			};
			name = Release;
		};
		3611C3571E65DB350055ADF0 /* Debug */ = {
			isa = XCBuildConfiguration;
			buildSettings = {
				ASSETCATALOG_COMPILER_APPICON_NAME = AppIcon;
				DEVELOPMENT_TEAM = 58T94JVAD5;
				INFOPLIST_FILE = SWD/Info.plist;
				LD_RUNPATH_SEARCH_PATHS = "$(inherited) @executable_path/Frameworks";
				PRODUCT_BUNDLE_IDENTIFIER = com.linecentury.SWD;
				PRODUCT_NAME = "$(TARGET_NAME)";
				SWIFT_VERSION = 3.0;
			};
			name = Debug;
		};
		3611C3581E65DB350055ADF0 /* Release */ = {
			isa = XCBuildConfiguration;
			buildSettings = {
				ASSETCATALOG_COMPILER_APPICON_NAME = AppIcon;
				DEVELOPMENT_TEAM = 58T94JVAD5;
				INFOPLIST_FILE = SWD/Info.plist;
				LD_RUNPATH_SEARCH_PATHS = "$(inherited) @executable_path/Frameworks";
				PRODUCT_BUNDLE_IDENTIFIER = com.linecentury.SWD;
				PRODUCT_NAME = "$(TARGET_NAME)";
				SWIFT_VERSION = 3.0;
			};
			name = Release;
		};
/* End XCBuildConfiguration section */

/* Begin XCConfigurationList section */
		3611C33F1E65DB350055ADF0 /* Build configuration list for PBXProject "SWD" */ = {
			isa = XCConfigurationList;
			buildConfigurations = (
				3611C3541E65DB350055ADF0 /* Debug */,
				3611C3551E65DB350055ADF0 /* Release */,
			);
			defaultConfigurationIsVisible = 0;
			defaultConfigurationName = Release;
		};
		3611C3561E65DB350055ADF0 /* Build configuration list for PBXNativeTarget "SWD" */ = {
			isa = XCConfigurationList;
			buildConfigurations = (
				3611C3571E65DB350055ADF0 /* Debug */,
				3611C3581E65DB350055ADF0 /* Release */,
			);
			defaultConfigurationIsVisible = 0;
		};
/* End XCConfigurationList section */
	};
	rootObject = 3611C33C1E65DB350055ADF0 /* Project object */;
}
